# This file is autogenerated, do not edit; changes may be undone by the next 'dep ensure'.


[[projects]]
  branch = "master"
  digest = "1:e95de5c830369d6592224de57a31cd87a2ba1cec2abaf050d06a63ee8f7babd8"
  name = "git.apache.org/thrift.git"
  packages = ["lib/go/thrift"]
  pruneopts = "UT"
  revision = "b073e1438d9236203c70efb5b3ba55a61f4c4d14"
  source = "github.com/apache/thrift"

[[projects]]
  branch = "master"
  digest = "1:b02e5e3f836f077a3249d1dfe3c57d305e007f71a98f2e69c170a2dd8d2b266c"
  name = "github.com/AndreasBriese/bbloom"
  packages = ["."]
  pruneopts = "UT"
  revision = "343706a395b76e5ca5c7dca46a5d937b48febc74"

[[projects]]
  branch = "master"
  digest = "1:c312c313bb8040fcfb5698f38b51ec279e4635c7619773e6f018c908586c64b1"
  name = "github.com/alecthomas/jsonschema"
  packages = ["."]
  pruneopts = "UT"
  revision = "f2c93856175a7dd6abe88c5c3900b67ad054adcc"

[[projects]]
  digest = "1:14a0043ce3fe6a179c16a7fae2d7aa096cbc203f1589706538125e26186d63d5"
  name = "github.com/asaskevich/govalidator"
  packages = ["."]
  pruneopts = "UT"
  revision = "521b25f4b05fd26bec69d9dedeb8f9c9a83939a8"
  version = "v8"

[[projects]]
  branch = "master"
  digest = "1:d6afaeed1502aa28e80a4ed0981d570ad91b2579193404256ce672ed0a609e0d"
  name = "github.com/beorn7/perks"
  packages = ["quantile"]
  pruneopts = "UT"
  revision = "3a771d992973f24aa725d07868b467d1ddfceafb"

[[projects]]
  digest = "1:ffe9824d294da03b391f44e1ae8281281b4afc1bdaa9588c9097785e3af10cec"
  name = "github.com/davecgh/go-spew"
  packages = ["spew"]
  pruneopts = "UT"
  revision = "8991bc29aa16c548c550c7ff78260e27b9ab7c73"
  version = "v1.1.1"

[[projects]]
  digest = "1:5f5090f05382959db941fa45acbeb7f4c5241aa8ac0f8f4393dec696e5953f53"
  name = "github.com/dgraph-io/badger"
  packages = [
    ".",
    "options",
    "protos",
    "skl",
    "table",
    "y",
  ]
  pruneopts = "UT"
  revision = "99233d725dbdd26d156c61b2f42ae1671b794656"
  version = "v1.5.4"

[[projects]]
  digest = "1:76dc72490af7174349349838f2fe118996381b31ea83243812a97e5a0fd5ed55"
  name = "github.com/dgrijalva/jwt-go"
  packages = ["."]
  pruneopts = "UT"
  revision = "06ea1031745cb8b3dab3f6a236daf2b0aa468b7e"
  version = "v3.2.0"

[[projects]]
  branch = "master"
  digest = "1:8583eab935e3d99d3a7ac489cd2ee7c8e95eecd7c64ab1fc8382746dacaf8563"
  name = "github.com/dgryski/go-farm"
  packages = ["."]
  pruneopts = "UT"
  revision = "2de33835d10275975374b37b2dcfd22c9020a1f5"

[[projects]]
  digest = "1:aacef5f5e45685f2aeda5534d0a750dee6859de7e9088cdd06192787bb01ae6d"
  name = "github.com/go-errors/errors"
  packages = ["."]
  pruneopts = "UT"
  revision = "a6af135bd4e28680facf08a3d206b454abc877a4"
  version = "v1.0.1"

[[projects]]
  digest = "1:e1ff887e232b2d8f4f7c7db15a5fac7be418025afc4dda53c59c765dbb5aa6b4"
  name = "github.com/go-playground/locales"
  packages = [
    ".",
    "currency",
  ]
  pruneopts = "UT"
  revision = "f63010822830b6fe52288ee52d5a1151088ce039"
  version = "v0.12.1"

[[projects]]
  digest = "1:e022cf244bcac1b6ef933f1a2e0adcf6a6dfd7b872d8d41e4d4179bb09a87cbc"
  name = "github.com/go-playground/universal-translator"
  packages = ["."]
  pruneopts = "UT"
  revision = "b32fa301c9fe55953584134cb6853a13c87ec0a1"
  version = "v0.16.0"

[[projects]]
  digest = "1:bed9d72d596f94e65fff37f4d6c01398074a6bb1c3f3ceff963516bd01db6ff5"
  name = "github.com/gofrs/uuid"
  packages = ["."]
  pruneopts = "UT"
  revision = "6b08a5c5172ba18946672b49749cde22873dd7c2"
  version = "v3.2.0"

[[projects]]
  digest = "1:97df918963298c287643883209a2c3f642e6593379f97ab400c2a2e219ab647d"
  name = "github.com/golang/protobuf"
  packages = ["proto"]
  pruneopts = "UT"
  revision = "aa810b61a9c79d51363740d207bb46cf8e620ed5"
  version = "v1.2.0"

[[projects]]
  branch = "master"
  digest = "1:4a0c6bb4805508a6287675fac876be2ac1182539ca8a32468d8128882e9d5009"
  name = "github.com/golang/snappy"
  packages = ["."]
  pruneopts = "UT"
  revision = "2e65f85255dbc3072edf28d6b5b8efc472979f5a"

[[projects]]
  digest = "1:664d37ea261f0fc73dd17f4a1f5f46d01fbb0b0d75f6375af064824424109b7d"
  name = "github.com/gorilla/handlers"
  packages = ["."]
  pruneopts = "UT"
  revision = "7e0847f9db758cdebd26c149d0ae9d5d0b9c98ce"
  version = "v1.4.0"

[[projects]]
  digest = "1:ca59b1175189b3f0e9f1793d2c350114be36eaabbe5b9f554b35edee1de50aea"
  name = "github.com/gorilla/mux"
  packages = ["."]
  pruneopts = "UT"
  revision = "a7962380ca08b5a188038c69871b8d3fbdf31e89"
  version = "v1.7.0"

[[projects]]
  digest = "1:7b5c6e2eeaa9ae5907c391a91c132abfd5c9e8a784a341b5625e750c67e6825d"
  name = "github.com/gorilla/websocket"
  packages = ["."]
  pruneopts = "UT"
  revision = "66b9c49e59c6c48f0ffce28c2d8b8a5678502c6d"
  version = "v1.4.0"

[[projects]]
  digest = "1:65a3104ed11ab8453591c4d7bdf3bbf9838ead7f61ab25b04966e8b36d969e89"
  name = "github.com/haltingstate/secp256k1-go"
  packages = [
    ".",
    "secp256k1-go2",
  ]
  pruneopts = "UT"
  revision = "572209b26df66a638573023571b5ce80983214eb"

[[projects]]
  branch = "master"
  digest = "1:c1dd060cad9abcf334c6bc7f9d71688d526722f505d947f965d38a010a349336"
  name = "github.com/intel-go/fastjson"
  packages = ["."]
  pruneopts = "UT"
  revision = "f846ae58a1ab4a99d9480ce565601aebd84e333a"

[[projects]]
  digest = "1:efd601ad1d1189884f37ed075fadb5bbd17f1f5acf5862827247c6da56d125ba"
  name = "github.com/labstack/echo"
  packages = [
    ".",
    "middleware",
  ]
  pruneopts = "UT"
  revision = "38772c686c76b501f94bd6cd5b77f5842e93b559"
  version = "v3.3.10"

[[projects]]
  digest = "1:764bce605f1c70823a567ac3205a03e6b7f375ca747d8820fded0b0abddda802"
  name = "github.com/labstack/gommon"
  packages = [
    "bytes",
    "color",
    "log",
    "random",
  ]
  pruneopts = "UT"
  revision = "7fd9f68ece0bcb1a905fac8f1549f0083f71c51b"
  version = "v0.2.8"

[[projects]]
  digest = "1:6782ffc812e8e700e6952ede1e60487ff1fd9da489eff762985be662a7cfc431"
  name = "github.com/leodido/go-urn"
  packages = ["."]
  pruneopts = "UT"
  revision = "70078a794e8ea4b497ba7c19a78cd60f90ccf0f4"
  version = "v1.1.0"

[[projects]]
  digest = "1:2fa7b0155cd54479a755c629de26f888a918e13f8857a2c442205d825368e084"
  name = "github.com/mattn/go-colorable"
  packages = ["."]
  pruneopts = "UT"
  revision = "3a70a971f94a22f2fa562ffcc7a0eb45f5daf045"
  version = "v0.1.1"

[[projects]]
  digest = "1:3bb9c8451d199650bfd303e0068d86f135952fead374ad87c09a9b8a2cc4bd7c"
  name = "github.com/mattn/go-isatty"
  packages = ["."]
  pruneopts = "UT"
  revision = "369ecd8cea9851e459abb67eb171853e3986591e"
  version = "v0.0.6"

[[projects]]
  digest = "1:ff5ebae34cfbf047d505ee150de27e60570e8c394b3b8fdbb720ff6ac71985fc"
  name = "github.com/matttproud/golang_protobuf_extensions"
  packages = ["pbutil"]
  pruneopts = "UT"
  revision = "c12348ce28de40eed0136aa2b644d0ee0650e56c"
  version = "v1.0.1"

[[projects]]
  digest = "1:f9544e040a914c2de663031150db1fe0d592841ba039b01d27ac216dea061d5a"
  name = "github.com/osamingo/jsonrpc"
  packages = ["."]
  pruneopts = "UT"
  revision = "92d51847b98f375bd5db9fd00f8b36dbc279c384"
  version = "v2.1"

[[projects]]
  digest = "1:40e195917a951a8bf867cd05de2a46aaf1806c50cf92eebf4c16f78cd196f747"
  name = "github.com/pkg/errors"
  packages = ["."]
  pruneopts = "UT"
  revision = "645ef00459ed84a119197bfb8d8205042c6df63d"
  version = "v0.8.0"

[[projects]]
  digest = "1:0028cb19b2e4c3112225cd871870f2d9cf49b9b4276531f03438a88e94be86fe"
  name = "github.com/pmezard/go-difflib"
  packages = ["difflib"]
  pruneopts = "UT"
  revision = "792786c7400a136282c1664665ae0a8db921c6c2"
  version = "v1.0.0"

[[projects]]
  digest = "1:26663fafdea73a38075b07e8e9d82fc0056379d2be8bb4e13899e8fda7c7dd23"
  name = "github.com/prometheus/client_golang"
  packages = [
    "prometheus",
    "prometheus/internal",
    "prometheus/promhttp",
  ]
  pruneopts = "UT"
  revision = "abad2d1bd44235a26707c172eab6bca5bf2dbad3"
  version = "v0.9.1"

[[projects]]
  branch = "master"
  digest = "1:2d5cd61daa5565187e1d96bae64dbbc6080dacf741448e9629c64fd93203b0d4"
  name = "github.com/prometheus/client_model"
  packages = ["go"]
  pruneopts = "UT"
  revision = "5c3871d89910bfb32f5fcab2aa4b9ec68e65a99f"

[[projects]]
  branch = "master"
  digest = "1:db712fde5d12d6cdbdf14b777f0c230f4ff5ab0be8e35b239fc319953ed577a4"
  name = "github.com/prometheus/common"
  packages = [
    "expfmt",
    "internal/bitbucket.org/ww/goautoneg",
    "model",
  ]
  pruneopts = "UT"
  revision = "4724e9255275ce38f7179b2478abeae4e28c904f"

[[projects]]
  branch = "master"
  digest = "1:ef74914912f99c79434d9c09658274678bc85080ebe3ab32bec3940ebce5e1fc"
  name = "github.com/prometheus/procfs"
  packages = [
    ".",
    "internal/util",
    "nfs",
    "xfs",
  ]
  pruneopts = "UT"
  revision = "619930b0b4713cc1280189bf0a4c54b3fb506f60"

[[projects]]
  digest = "1:18752d0b95816a1b777505a97f71c7467a8445b8ffb55631a7bf779f6ba4fa83"
  name = "github.com/stretchr/testify"
  packages = ["assert"]
  pruneopts = "UT"
  revision = "f35b8ab0b5a2cef36673838d662e249dd9c94686"
  version = "v1.2.2"

[[projects]]
  digest = "1:5b180f17d5bc50b765f4dcf0d126c72979531cbbd7f7929bf3edd87fb801ea2d"
  name = "github.com/syndtr/goleveldb"
  packages = [
    "leveldb",
    "leveldb/cache",
    "leveldb/comparer",
    "leveldb/errors",
    "leveldb/filter",
    "leveldb/iterator",
    "leveldb/journal",
    "leveldb/memdb",
    "leveldb/opt",
    "leveldb/storage",
    "leveldb/table",
    "leveldb/util",
  ]
  pruneopts = "UT"
  revision = "9d007e481048296f09f59bd19bb7ae584563cd95"
  version = "v1.0.0"

[[projects]]
  digest = "1:03aa6e485e528acb119fb32901cf99582c380225fc7d5a02758e08b180cb56c3"
  name = "github.com/ugorji/go"
  packages = ["codec"]
  pruneopts = "UT"
  revision = "b4c50a2b199d93b13dc15e78929cfb23bfdf21ab"
  version = "v1.1.1"

[[projects]]
  digest = "1:c468422f334a6b46a19448ad59aaffdfc0a36b08fdcc1c749a0b29b6453d7e59"
  name = "github.com/valyala/bytebufferpool"
  packages = ["."]
  pruneopts = "UT"
  revision = "e746df99fe4a3986f4d4f79e13c1e0117ce9c2f7"
  version = "v1.0.0"

[[projects]]
  branch = "master"
  digest = "1:268b8bce0064e8c057d7b913605459f9a26dcab864c0886a56d196540fbf003f"
  name = "github.com/valyala/fasttemplate"
  packages = ["."]
  pruneopts = "UT"
  revision = "dcecefd839c4193db0d35b88ec65b4c12d360ab0"

[[projects]]
  digest = "1:564b31f09a21367ada5b019d8413afe99cf770775606f94c7bef42b2ef79dfdf"
  name = "github.com/ybbus/jsonrpc"
  packages = ["."]
  pruneopts = "UT"
  revision = "dd866631e904a5df2067d934985c5def68f391ac"
  version = "v2.1.2"

[[projects]]
  digest = "1:3762d59edaa6e5c71d5e594c020c8391f274ff283e9c30fb43c518ec59a3f9b3"
  name = "go.etcd.io/bbolt"
  packages = ["."]
  pruneopts = "UT"
  revision = "7ee3ded59d4835e10f3e7d0f7603c42aa5e83820"
  version = "v1.3.1-etcd.8"

[[projects]]
  digest = "1:83676b69253565e11fc408b83b4dc803f2e792cc2d855b7efbfd8041c11937ea"
  name = "go.opencensus.io"
  packages = [
    ".",
    "exemplar",
    "exporter/jaeger",
    "exporter/jaeger/internal/gen-go/jaeger",
    "exporter/prometheus",
    "internal",
    "internal/tagencoding",
    "stats",
    "stats/internal",
    "stats/view",
    "tag",
    "trace",
    "trace/internal",
    "trace/tracestate",
  ]
  pruneopts = "UT"
  revision = "b7bf3cdb64150a8c8c53b769fdeb2ba581bd4d4b"
  version = "v0.18.0"

[[projects]]
  digest = "1:6a8a99429d2283565a818ad80eabe196449a9a0b5f0ed976c0f727524a6790e3"
  name = "golang.org/x/crypto"
  packages = [
    "acme",
    "acme/autocert",
    "chacha20poly1305",
    "hkdf",
    "internal/chacha20",
    "internal/subtle",
    "pbkdf2",
    "poly1305",
    "scrypt",
    "sha3",
  ]
  pruneopts = "UT"
  revision = "bc7917b19d8f099105de72dc62898400be07c984"

[[projects]]
  branch = "master"
  digest = "1:a7b3aa11890fbe342ed4bf76a27986473d13103ae14796dcf2b55521c93e2547"
  name = "golang.org/x/net"
  packages = [
    "context",
    "internal/timeseries",
    "trace",
  ]
  pruneopts = "UT"
  revision = "c44066c5c816ec500d459a2a324a753f78531ae0"

[[projects]]
  branch = "master"
  digest = "1:5e4d81c50cffcb124b899e4f3eabec3930c73532f0096c27f94476728ba03028"
  name = "golang.org/x/sync"
  packages = ["semaphore"]
  pruneopts = "UT"
  revision = "42b317875d0fa942474b76e1b46a6060d720ae6e"

[[projects]]
  branch = "master"
  digest = "1:d4aa440883ef89f91ec8a74c58bc52c801781c565e4d9af9b7b0a5cafa86deaa"
  name = "golang.org/x/sys"
  packages = [
    "cpu",
    "unix",
  ]
  pruneopts = "UT"
  revision = "d69651ed3497faee15a5363a89578e9991f6d5e2"

[[projects]]
  branch = "master"
  digest = "1:5f003878aabe31d7f6b842d4de32b41c46c214bb629bb485387dbcce1edf5643"
  name = "google.golang.org/api"
  packages = ["support/bundler"]
  pruneopts = "UT"
  revision = "bed42c95df7d5f673175b43d85f6b4047efe3814"

[[projects]]
  digest = "1:a5000fcb87d763e1d410111d32f3e1d07a6f7913f7efdf68070636c407da54d1"
  name = "gopkg.in/go-playground/validator.v9"
  packages = ["."]
  pruneopts = "UT"
  revision = "b199fa0642d29caca62b6a99d65cc981ba5edc3b"
  version = "v9.27.0"

[solve-meta]
  analyzer-name = "dep"
  analyzer-version = 1
  input-imports = [
    "github.com/asaskevich/govalidator",
    "github.com/dgraph-io/badger",
    "github.com/go-errors/errors",
    "github.com/gofrs/uuid",
    "github.com/gorilla/handlers",
    "github.com/gorilla/mux",
    "github.com/gorilla/websocket",
    "github.com/haltingstate/secp256k1-go",
    "github.com/intel-go/fastjson",
    "github.com/labstack/echo",
    "github.com/labstack/echo/middleware",
    "github.com/osamingo/jsonrpc",
    "github.com/pkg/errors",
    "github.com/stretchr/testify/assert",
    "github.com/syndtr/goleveldb/leveldb",
    "github.com/syndtr/goleveldb/leveldb/iterator",
    "github.com/syndtr/goleveldb/leveldb/opt",
    "github.com/syndtr/goleveldb/leveldb/util",
    "github.com/ugorji/go/codec",
    "github.com/ybbus/jsonrpc",
    "go.etcd.io/bbolt",
    "go.opencensus.io/exporter/jaeger",
    "go.opencensus.io/exporter/prometheus",
    "go.opencensus.io/stats",
    "go.opencensus.io/stats/view",
    "go.opencensus.io/tag",
    "go.opencensus.io/trace",
    "golang.org/x/crypto/chacha20poly1305",
    "golang.org/x/crypto/hkdf",
    "golang.org/x/crypto/scrypt",
    "golang.org/x/crypto/sha3",
    "gopkg.in/go-playground/validator.v9",
  ]
  solver-name = "gps-cdcl"
  solver-version = 1
