# This file is autogenerated, do not edit; changes may be undone by the next 'dep ensure'.

[[projects]]
  branch = "master"
  digest = "1:e7a1ce56dc2fd57e2e1fe88c984583e8345d24a27068a47b134a2f2fd0e095a2"
  name = "golang.org/x/crypto"
  packages = ["sha3"]
  pruneopts = "UT"
  revision = "7c1a557ab941a71c619514f229f0b27ccb0c27cf"

[solve-meta]
  analyzer-name = "dep"
  analyzer-version = 1
  input-imports = [
    "github.com/btcsuite/btcd/btcec",
    "golang.org/x/crypto/sha3",
  ]
  solver-name = "gps-cdcl"
  solver-version = 1
